
Microsoft Visual Studio Solution File, Format Version 12.00
# Visual Studio Version 16
VisualStudioVersion = 16.0.30011.22
MinimumVisualStudioVersion = 10.0.40219.1
Project("{9A19103F-16F7-4668-BE54-9A1E7A4F7556}") = "WPF Events", "WPF Solutions\WPF Events.csproj", "{D31A1B8B-E777-4EE8-92CF-ED4518B5600F}"
EndProject
Project("{9A19103F-16F7-4668-BE54-9A1E7A4F7556}") = "WPF Exceptions", "WPF Exceptions\WPF Exceptions.csproj", "{1052D138-0D43-4676-A922-766243765828}"
EndProject
Project("{9A19103F-16F7-4668-BE54-9A1E7A4F7556}") = "Grid Opdracht 1", "Grid Opdracht 1\Grid Opdracht 1.csproj", "{C0CFF71E-2781-4171-8479-3B0D96893716}"
EndProject
Project("{9A19103F-16F7-4668-BE54-9A1E7A4F7556}") = "DataBinding", "DataBinding\DataBinding.csproj", "{17A3B501-19A8-4A3E-AE3F-105AB6A2F9D6}"
EndProject
Project("{FAE04EC0-301F-11D3-BF4B-00C04F79EFBC}") = "DataGrid", "DataGrid\DataGrid.csproj", "{7001DBAD-675E-4501-9BA6-28DB7A9894BB}"
EndProject
Global
	GlobalSection(SolutionConfigurationPlatforms) = preSolution
		Debug|Any CPU = Debug|Any CPU
		Release|Any CPU = Release|Any CPU
	EndGlobalSection
	GlobalSection(ProjectConfigurationPlatforms) = postSolution
		{D31A1B8B-E777-4EE8-92CF-ED4518B5600F}.Debug|Any CPU.ActiveCfg = Debug|Any CPU
		{D31A1B8B-E777-4EE8-92CF-ED4518B5600F}.Debug|Any CPU.Build.0 = Debug|Any CPU
		{D31A1B8B-E777-4EE8-92CF-ED4518B5600F}.Release|Any CPU.ActiveCfg = Release|Any CPU
		{D31A1B8B-E777-4EE8-92CF-ED4518B5600F}.Release|Any CPU.Build.0 = Release|Any CPU
		{1052D138-0D43-4676-A922-766243765828}.Debug|Any CPU.ActiveCfg = Debug|Any CPU
		{1052D138-0D43-4676-A922-766243765828}.Debug|Any CPU.Build.0 = Debug|Any CPU
		{1052D138-0D43-4676-A922-766243765828}.Release|Any CPU.ActiveCfg = Release|Any CPU
		{1052D138-0D43-4676-A922-766243765828}.Release|Any CPU.Build.0 = Release|Any CPU
		{C0CFF71E-2781-4171-8479-3B0D96893716}.Debug|Any CPU.ActiveCfg = Debug|Any CPU
		{C0CFF71E-2781-4171-8479-3B0D96893716}.Debug|Any CPU.Build.0 = Debug|Any CPU
		{C0CFF71E-2781-4171-8479-3B0D96893716}.Release|Any CPU.ActiveCfg = Release|Any CPU
		{C0CFF71E-2781-4171-8479-3B0D96893716}.Release|Any CPU.Build.0 = Release|Any CPU
		{17A3B501-19A8-4A3E-AE3F-105AB6A2F9D6}.Debug|Any CPU.ActiveCfg = Debug|Any CPU
		{17A3B501-19A8-4A3E-AE3F-105AB6A2F9D6}.Debug|Any CPU.Build.0 = Debug|Any CPU
		{17A3B501-19A8-4A3E-AE3F-105AB6A2F9D6}.Release|Any CPU.ActiveCfg = Release|Any CPU
		{17A3B501-19A8-4A3E-AE3F-105AB6A2F9D6}.Release|Any CPU.Build.0 = Release|Any CPU
		{7001DBAD-675E-4501-9BA6-28DB7A9894BB}.Debug|Any CPU.ActiveCfg = Debug|Any CPU
		{7001DBAD-675E-4501-9BA6-28DB7A9894BB}.Debug|Any CPU.Build.0 = Debug|Any CPU
		{7001DBAD-675E-4501-9BA6-28DB7A9894BB}.Release|Any CPU.ActiveCfg = Release|Any CPU
		{7001DBAD-675E-4501-9BA6-28DB7A9894BB}.Release|Any CPU.Build.0 = Release|Any CPU
	EndGlobalSection
	GlobalSection(SolutionProperties) = preSolution
		HideSolutionNode = FALSE
	EndGlobalSection
	GlobalSection(ExtensibilityGlobals) = postSolution
		SolutionGuid = {76882F2A-5374-48FE-B8EE-C1888BB789D3}
	EndGlobalSection
EndGlobal
